<Solution>
  <Folder Name="/src/" />
  <Folder Name="/src/AppHost/">
    <Project Path="src/AppHost/TaskFlow.AppHost/TaskFlow.AppHost.csproj" />
  </Folder>
  <Folder Name="/src/BuildingBlocks/">
    <Project Path="src/BuildingBlocks/TaskFlow.Api.Common/TaskFlow.Api.Common.csproj" />
    <Project Path="src/BuildingBlocks/TaskFlow.ServiceDefaults/TaskFlow.ServiceDefaults.csproj" />
    <Project Path="src/BuildingBlocks/TaskFlow.SharedKernel/TaskFlow.SharedKernel.csproj" />
  </Folder>
  <Folder Name="/src/Gateway/">
    <Project Path="src/Gateway/TaskFlow.Gateway/TaskFlow.Gateway.csproj" />
  </Folder>
  <Folder Name="/src/Services/" />
  <Folder Name="/src/Services/Projects/">
    <Project Path="src/Services/Projects/TaskFlow.Projects.Api/TaskFlow.Projects.Api.csproj" />
    <Project Path="src/Services/Projects/TaskFlow.Projects.Application/TaskFlow.Projects.Application.csproj" />
    <Project Path="src/Services/Projects/TaskFlow.Projects.Contracts/TaskFlow.Projects.Contracts.csproj" />
    <Project Path="src/Services/Projects/TaskFlow.Projects.Domain/TaskFlow.Projects.Domain.csproj" />
    <Project Path="src/Services/Projects/TaskFlow.Projects.Infrastructure/TaskFlow.Projects.Infrastructure.csproj" />
  </Folder>
  <Folder Name="/src/Services/Tasks/">
    <Project Path="src/Services/Tasks/TaskFlow.Tasks.Api/TaskFlow.Tasks.Api.csproj" />
    <Project Path="src/Services/Tasks/TaskFlow.Tasks.Application/TaskFlow.Tasks.Application.csproj" />
    <Project Path="src/Services/Tasks/TaskFlow.Tasks.Domain/TaskFlow.Tasks.Domain.csproj" />
    <Project Path="src/Services/Tasks/TaskFlow.Tasks.Infrastructure/TaskFlow.Tasks.Infrastructure.csproj" />
  </Folder>
  <Folder Name="/tests/">
    <Project Path="tests/TaskFlow.ArchitectureTests/TaskFlow.ArchitectureTests.csproj" />
    <Project Path="tests/TaskFlow.Projects.UnitTests/TaskFlow.Projects.UnitTests.csproj" />
    <Project Path="tests/TaskFlow.Tasks.UnitTests/TaskFlow.Tasks.UnitTests.csproj" />
  </Folder>
</Solution>
