<Solution>
  <Folder Name="/src/">
    <Project Path="src/TaskFlow.Api/TaskFlow.Api.csproj" />
    <Project Path="src/TaskFlow.AppHost/TaskFlow.AppHost.csproj" />
    <Project Path="src/TaskFlow.ServiceDefaults/TaskFlow.ServiceDefaults.csproj" />
  </Folder>
  <Folder Name="/src/Modules/" />
  <Folder Name="/src/Modules/Projects/">
    <Project Path="src/Modules/Projects/TaskFlow.Projects.Application/TaskFlow.Projects.Application.csproj" />
    <Project Path="src/Modules/Projects/TaskFlow.Projects.Domain/TaskFlow.Projects.Domain.csproj" />
    <Project Path="src/Modules/Projects/TaskFlow.Projects.Infrastructure/TaskFlow.Projects.Infrastructure.csproj" />
    <Project Path="src/TaskFlow.SharedKernel/TaskFlow.SharedKernel.csproj" />
  </Folder>
  <Folder Name="/tests/">
    <Project Path="tests/TaskFlow.ArchitectureTests/TaskFlow.ArchitectureTests.csproj" />
    <Project Path="tests/TaskFlow.Projects.UnitTests/TaskFlow.Projects.UnitTests.csproj" />
  </Folder>
</Solution>
